
Microsoft Visual Studio Solution File, Format Version 12.00
# Visual Studio Version 17
VisualStudioVersion = 17.8.34316.72
MinimumVisualStudioVersion = 10.0.40219.1
Project("{CC5FD16D-436D-48AD-A40C-5A424C6E3E79}") = "Reddit", "Reddit.ccproj", "{F91EC86E-A926-4113-83E2-8380D10F415E}"
EndProject
Project("{FAE04EC0-301F-11D3-BF4B-00C04F79EFBC}") = "RedditService", "RedditService\RedditService.csproj", "{EE370F7B-D402-44B2-9988-0B98A18A5A4C}"
EndProject
Project("{FAE04EC0-301F-11D3-BF4B-00C04F79EFBC}") = "NotificationService", "NotificationService\NotificationService.csproj", "{5D51A091-66BA-44C7-B673-91BB04AF60C3}"
EndProject
Project("{FAE04EC0-301F-11D3-BF4B-00C04F79EFBC}") = "HealthMonitoringService", "HealthMonitoringService\HealthMonitoringService.csproj", "{56F31B22-2E37-4C54-86BD-66326503551D}"
EndProject
Project("{FAE04EC0-301F-11D3-BF4B-00C04F79EFBC}") = "HealthStatusService", "HealthStatusService\HealthStatusService.csproj", "{FB343039-8B8D-4057-9F99-9BBB10311BF7}"
EndProject
Project("{FAE04EC0-301F-11D3-BF4B-00C04F79EFBC}") = "Common", "..\Common\Common.csproj", "{CE3A6D2C-BCE2-4C17-A262-E870E32877A3}"
EndProject
Project("{FAE04EC0-301F-11D3-BF4B-00C04F79EFBC}") = "AdminTools", "..\AdminTools\AdminTools.csproj", "{B3530856-AD48-4B3E-8E1E-B72DBC7BB3EB}"
EndProject
Global
	GlobalSection(SolutionConfigurationPlatforms) = preSolution
		Debug|Any CPU = Debug|Any CPU
		Release|Any CPU = Release|Any CPU
	EndGlobalSection
	GlobalSection(ProjectConfigurationPlatforms) = postSolution
		{F91EC86E-A926-4113-83E2-8380D10F415E}.Debug|Any CPU.ActiveCfg = Debug|Any CPU
		{F91EC86E-A926-4113-83E2-8380D10F415E}.Debug|Any CPU.Build.0 = Debug|Any CPU
		{F91EC86E-A926-4113-83E2-8380D10F415E}.Release|Any CPU.ActiveCfg = Release|Any CPU
		{F91EC86E-A926-4113-83E2-8380D10F415E}.Release|Any CPU.Build.0 = Release|Any CPU
		{EE370F7B-D402-44B2-9988-0B98A18A5A4C}.Debug|Any CPU.ActiveCfg = Debug|Any CPU
		{EE370F7B-D402-44B2-9988-0B98A18A5A4C}.Debug|Any CPU.Build.0 = Debug|Any CPU
		{EE370F7B-D402-44B2-9988-0B98A18A5A4C}.Release|Any CPU.ActiveCfg = Release|Any CPU
		{EE370F7B-D402-44B2-9988-0B98A18A5A4C}.Release|Any CPU.Build.0 = Release|Any CPU
		{5D51A091-66BA-44C7-B673-91BB04AF60C3}.Debug|Any CPU.ActiveCfg = Debug|Any CPU
		{5D51A091-66BA-44C7-B673-91BB04AF60C3}.Debug|Any CPU.Build.0 = Debug|Any CPU
		{5D51A091-66BA-44C7-B673-91BB04AF60C3}.Release|Any CPU.ActiveCfg = Release|Any CPU
		{5D51A091-66BA-44C7-B673-91BB04AF60C3}.Release|Any CPU.Build.0 = Release|Any CPU
		{56F31B22-2E37-4C54-86BD-66326503551D}.Debug|Any CPU.ActiveCfg = Debug|Any CPU
		{56F31B22-2E37-4C54-86BD-66326503551D}.Debug|Any CPU.Build.0 = Debug|Any CPU
		{56F31B22-2E37-4C54-86BD-66326503551D}.Release|Any CPU.ActiveCfg = Release|Any CPU
		{56F31B22-2E37-4C54-86BD-66326503551D}.Release|Any CPU.Build.0 = Release|Any CPU
		{FB343039-8B8D-4057-9F99-9BBB10311BF7}.Debug|Any CPU.ActiveCfg = Debug|Any CPU
		{FB343039-8B8D-4057-9F99-9BBB10311BF7}.Debug|Any CPU.Build.0 = Debug|Any CPU
		{FB343039-8B8D-4057-9F99-9BBB10311BF7}.Release|Any CPU.ActiveCfg = Release|Any CPU
		{FB343039-8B8D-4057-9F99-9BBB10311BF7}.Release|Any CPU.Build.0 = Release|Any CPU
		{CE3A6D2C-BCE2-4C17-A262-E870E32877A3}.Debug|Any CPU.ActiveCfg = Debug|Any CPU
		{CE3A6D2C-BCE2-4C17-A262-E870E32877A3}.Debug|Any CPU.Build.0 = Debug|Any CPU
		{CE3A6D2C-BCE2-4C17-A262-E870E32877A3}.Release|Any CPU.ActiveCfg = Release|Any CPU
		{CE3A6D2C-BCE2-4C17-A262-E870E32877A3}.Release|Any CPU.Build.0 = Release|Any CPU
		{B3530856-AD48-4B3E-8E1E-B72DBC7BB3EB}.Debug|Any CPU.ActiveCfg = Debug|Any CPU
		{B3530856-AD48-4B3E-8E1E-B72DBC7BB3EB}.Debug|Any CPU.Build.0 = Debug|Any CPU
		{B3530856-AD48-4B3E-8E1E-B72DBC7BB3EB}.Release|Any CPU.ActiveCfg = Release|Any CPU
		{B3530856-AD48-4B3E-8E1E-B72DBC7BB3EB}.Release|Any CPU.Build.0 = Release|Any CPU
	EndGlobalSection
	GlobalSection(SolutionProperties) = preSolution
		HideSolutionNode = FALSE
	EndGlobalSection
	GlobalSection(ExtensibilityGlobals) = postSolution
		SolutionGuid = {0D0E596A-E0F2-43E9-AB66-0263D93C5BFF}
	EndGlobalSection
EndGlobal
